<?xml version="1.0" encoding="utf-8"?>
<Project ToolsVersion="4.0" xmlns="http://schemas.microsoft.com/developer/msbuild/2003">
  <ItemGroup>
    <Filter Include="Source Files">
      <UniqueIdentifier>{4FC737F1-C7A5-4376-A066-2A32D752A2FF}</UniqueIdentifier>
      <Extensions>cpp;c;cc;cxx;def;odl;idl;hpj;bat;asm;asmx</Extensions>
    </Filter>
    <Filter Include="Header Files">
      <UniqueIdentifier>{93995380-89BD-4b04-88EB-625FBE52EBFB}</UniqueIdentifier>
      <Extensions>h;hh;hpp;hxx;hm;inl;inc;xsd</Extensions>
    </Filter>
    <Filter Include="Resource Files">
      <UniqueIdentifier>{67DA6AB6-F800-4c08-8B7A-83BB121AAD01}</UniqueIdentifier>
      <Extensions>rc;ico;cur;bmp;dlg;rc2;rct;bin;rgs;gif;jpg;jpeg;jpe;resx;tiff;tif;png;wav;mfcribbon-ms</Extensions>
    </Filter>
  </ItemGroup>
  <ItemGroup>
    <ClInclude Include="..\deps\mbedtls-3.6.0\include\mbedtls\aes.h">
      <Filter>Header Files</Filter>
    </ClInclude>
    <ClInclude Include="..\deps\mbedtls-3.6.0\include\mbedtls\aria.h">
      <Filter>Header Files</Filter>
    </ClInclude>
    <ClInclude Include="..\deps\mbedtls-3.6.0\include\mbedtls\asn1.h">
      <Filter>Header Files</Filter>
    </ClInclude>
    <ClInclude Include="..\deps\mbedtls-3.6.0\include\mbedtls\asn1write.h">
      <Filter>Header Files</Filter>
    </ClInclude>
    <ClInclude Include="..\deps\mbedtls-3.6.0\include\mbedtls\base64.h">
      <Filter>Header Files</Filter>
    </ClInclude>
    <ClInclude Include="..\deps\mbedtls-3.6.0\include\mbedtls\bignum.h">
      <Filter>Header Files</Filter>
    </ClInclude>
    <ClInclude Include="..\deps\mbedtls-3.6.0\include\mbedtls\block_cipher.h">
      <Filter>Header Files</Filter>
    </ClInclude>
    <ClInclude Include="..\deps\mbedtls-3.6.0\include\mbedtls\build_info.h">
      <Filter>Header Files</Filter>
    </ClInclude>
    <ClInclude Include="..\deps\mbedtls-3.6.0\include\mbedtls\camellia.h">
      <Filter>Header Files</Filter>
    </ClInclude>
    <ClInclude Include="..\deps\mbedtls-3.6.0\include\mbedtls\ccm.h">
      <Filter>Header Files</Filter>
    </ClInclude>
    <ClInclude Include="..\deps\mbedtls-3.6.0\include\mbedtls\chacha20.h">
      <Filter>Header Files</Filter>
    </ClInclude>
    <ClInclude Include="..\deps\mbedtls-3.6.0\include\mbedtls\chachapoly.h">
      <Filter>Header Files</Filter>
    </ClInclude>
    <ClInclude Include="..\deps\mbedtls-3.6.0\include\mbedtls\check_config.h">
      <Filter>Header Files</Filter>
    </ClInclude>
    <ClInclude Include="..\deps\mbedtls-3.6.0\include\mbedtls\cipher.h">
      <Filter>Header Files</Filter>
    </ClInclude>
    <ClInclude Include="..\deps\mbedtls-3.6.0\include\mbedtls\cmac.h">
      <Filter>Header Files</Filter>
    </ClInclude>
    <ClInclude Include="..\deps\mbedtls-3.6.0\include\mbedtls\compat-2.x.h">
      <Filter>Header Files</Filter>
    </ClInclude>
    <ClInclude Include="..\deps\mbedtls-3.6.0\include\mbedtls\config_adjust_legacy_crypto.h">
      <Filter>Header Files</Filter>
    </ClInclude>
    <ClInclude Include="..\deps\mbedtls-3.6.0\include\mbedtls\config_adjust_legacy_from_psa.h">
      <Filter>Header Files</Filter>
    </ClInclude>
    <ClInclude Include="..\deps\mbedtls-3.6.0\include\mbedtls\config_adjust_psa_from_legacy.h">
      <Filter>Header Files</Filter>
    </ClInclude>
    <ClInclude Include="..\deps\mbedtls-3.6.0\include\mbedtls\config_adjust_psa_superset_legacy.h">
      <Filter>Header Files</Filter>
    </ClInclude>
    <ClInclude Include="..\deps\mbedtls-3.6.0\include\mbedtls\config_adjust_ssl.h">
      <Filter>Header Files</Filter>
    </ClInclude>
    <ClInclude Include="..\deps\mbedtls-3.6.0\include\mbedtls\config_adjust_x509.h">
      <Filter>Header Files</Filter>
    </ClInclude>
    <ClInclude Include="..\deps\mbedtls-3.6.0\include\mbedtls\config_psa.h">
      <Filter>Header Files</Filter>
    </ClInclude>
    <ClInclude Include="..\deps\mbedtls-3.6.0\include\mbedtls\constant_time.h">
      <Filter>Header Files</Filter>
    </ClInclude>
    <ClInclude Include="..\deps\mbedtls-3.6.0\include\mbedtls\ctr_drbg.h">
      <Filter>Header Files</Filter>
    </ClInclude>
    <ClInclude Include="..\deps\mbedtls-3.6.0\include\mbedtls\debug.h">
      <Filter>Header Files</Filter>
    </ClInclude>
    <ClInclude Include="..\deps\mbedtls-3.6.0\include\mbedtls\des.h">
      <Filter>Header Files</Filter>
    </ClInclude>
    <ClInclude Include="..\deps\mbedtls-3.6.0\include\mbedtls\dhm.h">
      <Filter>Header Files</Filter>
    </ClInclude>
    <ClInclude Include="..\deps\mbedtls-3.6.0\include\mbedtls\ecdh.h">
      <Filter>Header Files</Filter>
    </ClInclude>
    <ClInclude Include="..\deps\mbedtls-3.6.0\include\mbedtls\ecdsa.h">
      <Filter>Header Files</Filter>
    </ClInclude>
    <ClInclude Include="..\deps\mbedtls-3.6.0\include\mbedtls\ecjpake.h">
      <Filter>Header Files</Filter>
    </ClInclude>
    <ClInclude Include="..\deps\mbedtls-3.6.0\include\mbedtls\ecp.h">
      <Filter>Header Files</Filter>
    </ClInclude>
    <ClInclude Include="..\deps\mbedtls-3.6.0\include\mbedtls\entropy.h">
      <Filter>Header Files</Filter>
    </ClInclude>
    <ClInclude Include="..\deps\mbedtls-3.6.0\include\mbedtls\error.h">
      <Filter>Header Files</Filter>
    </ClInclude>
    <ClInclude Include="..\deps\mbedtls-3.6.0\include\mbedtls\gcm.h">
      <Filter>Header Files</Filter>
    </ClInclude>
    <ClInclude Include="..\deps\mbedtls-3.6.0\include\mbedtls\hkdf.h">
      <Filter>Header Files</Filter>
    </ClInclude>
    <ClInclude Include="..\deps\mbedtls-3.6.0\include\mbedtls\hmac_drbg.h">
      <Filter>Header Files</Filter>
    </ClInclude>
    <ClInclude Include="..\deps\mbedtls-3.6.0\include\mbedtls\lms.h">
      <Filter>Header Files</Filter>
    </ClInclude>
    <ClInclude Include="..\deps\mbedtls-3.6.0\include\mbedtls\mbedtls_config.h">
      <Filter>Header Files</Filter>
    </ClInclude>
    <ClInclude Include="..\deps\mbedtls-3.6.0\include\mbedtls\md.h">
      <Filter>Header Files</Filter>
    </ClInclude>
    <ClInclude Include="..\deps\mbedtls-3.6.0\include\mbedtls\md5.h">
      <Filter>Header Files</Filter>
    </ClInclude>
    <ClInclude Include="..\deps\mbedtls-3.6.0\include\mbedtls\memory_buffer_alloc.h">
      <Filter>Header Files</Filter>
    </ClInclude>
    <ClInclude Include="..\deps\mbedtls-3.6.0\include\mbedtls\net_sockets.h">
      <Filter>Header Files</Filter>
    </ClInclude>
    <ClInclude Include="..\deps\mbedtls-3.6.0\include\mbedtls\nist_kw.h">
      <Filter>Header Files</Filter>
    </ClInclude>
    <ClInclude Include="..\deps\mbedtls-3.6.0\include\mbedtls\oid.h">
      <Filter>Header Files</Filter>
    </ClInclude>
    <ClInclude Include="..\deps\mbedtls-3.6.0\include\mbedtls\pem.h">
      <Filter>Header Files</Filter>
    </ClInclude>
    <ClInclude Include="..\deps\mbedtls-3.6.0\include\mbedtls\pk.h">
      <Filter>Header Files</Filter>
    </ClInclude>
    <ClInclude Include="..\deps\mbedtls-3.6.0\include\mbedtls\pkcs5.h">
      <Filter>Header Files</Filter>
    </ClInclude>
    <ClInclude Include="..\deps\mbedtls-3.6.0\include\mbedtls\pkcs7.h">
      <Filter>Header Files</Filter>
    </ClInclude>
    <ClInclude Include="..\deps\mbedtls-3.6.0\include\mbedtls\pkcs12.h">
      <Filter>Header Files</Filter>
    </ClInclude>
    <ClInclude Include="..\deps\mbedtls-3.6.0\include\mbedtls\platform.h">
      <Filter>Header Files</Filter>
    </ClInclude>
    <ClInclude Include="..\deps\mbedtls-3.6.0\include\mbedtls\platform_time.h">
      <Filter>Header Files</Filter>
    </ClInclude>
    <ClInclude Include="..\deps\mbedtls-3.6.0\include\mbedtls\platform_util.h">
      <Filter>Header Files</Filter>
    </ClInclude>
    <ClInclude Include="..\deps\mbedtls-3.6.0\include\mbedtls\poly1305.h">
      <Filter>Header Files</Filter>
    </ClInclude>
    <ClInclude Include="..\deps\mbedtls-3.6.0\include\mbedtls\private_access.h">
      <Filter>Header Files</Filter>
    </ClInclude>
    <ClInclude Include="..\deps\mbedtls-3.6.0\include\mbedtls\psa_util.h">
      <Filter>Header Files</Filter>
    </ClInclude>
    <ClInclude Include="..\deps\mbedtls-3.6.0\include\mbedtls\ripemd160.h">
      <Filter>Header Files</Filter>
    </ClInclude>
    <ClInclude Include="..\deps\mbedtls-3.6.0\include\mbedtls\rsa.h">
      <Filter>Header Files</Filter>
    </ClInclude>
    <ClInclude Include="..\deps\mbedtls-3.6.0\include\mbedtls\sha1.h">
      <Filter>Header Files</Filter>
    </ClInclude>
    <ClInclude Include="..\deps\mbedtls-3.6.0\include\mbedtls\sha3.h">
      <Filter>Header Files</Filter>
    </ClInclude>
    <ClInclude Include="..\deps\mbedtls-3.6.0\include\mbedtls\sha256.h">
      <Filter>Header Files</Filter>
    </ClInclude>
    <ClInclude Include="..\deps\mbedtls-3.6.0\include\mbedtls\sha512.h">
      <Filter>Header Files</Filter>
    </ClInclude>
    <ClInclude Include="..\deps\mbedtls-3.6.0\include\mbedtls\ssl.h">
      <Filter>Header Files</Filter>
    </ClInclude>
    <ClInclude Include="..\deps\mbedtls-3.6.0\include\mbedtls\ssl_cache.h">
      <Filter>Header Files</Filter>
    </ClInclude>
    <ClInclude Include="..\deps\mbedtls-3.6.0\include\mbedtls\ssl_ciphersuites.h">
      <Filter>Header Files</Filter>
    </ClInclude>
    <ClInclude Include="..\deps\mbedtls-3.6.0\include\mbedtls\ssl_cookie.h">
      <Filter>Header Files</Filter>
    </ClInclude>
    <ClInclude Include="..\deps\mbedtls-3.6.0\include\mbedtls\ssl_ticket.h">
      <Filter>Header Files</Filter>
    </ClInclude>
    <ClInclude Include="..\deps\mbedtls-3.6.0\include\mbedtls\threading.h">
      <Filter>Header Files</Filter>
    </ClInclude>
    <ClInclude Include="..\deps\mbedtls-3.6.0\include\mbedtls\timing.h">
      <Filter>Header Files</Filter>
    </ClInclude>
    <ClInclude Include="..\deps\mbedtls-3.6.0\include\mbedtls\version.h">
      <Filter>Header Files</Filter>
    </ClInclude>
    <ClInclude Include="..\deps\mbedtls-3.6.0\include\mbedtls\x509.h">
      <Filter>Header Files</Filter>
    </ClInclude>
    <ClInclude Include="..\deps\mbedtls-3.6.0\include\mbedtls\x509_crl.h">
      <Filter>Header Files</Filter>
    </ClInclude>
    <ClInclude Include="..\deps\mbedtls-3.6.0\include\mbedtls\x509_crt.h">
      <Filter>Header Files</Filter>
    </ClInclude>
    <ClInclude Include="..\deps\mbedtls-3.6.0\include\mbedtls\x509_csr.h">
      <Filter>Header Files</Filter>
    </ClInclude>
    <ClInclude Include="..\deps\mbedtls-3.6.0\library\aesce.h">
      <Filter>Source Files</Filter>
    </ClInclude>
    <ClInclude Include="..\deps\mbedtls-3.6.0\library\aesni.h">
      <Filter>Source Files</Filter>
    </ClInclude>
    <ClInclude Include="..\deps\mbedtls-3.6.0\library\alignment.h">
      <Filter>Source Files</Filter>
    </ClInclude>
    <ClInclude Include="..\deps\mbedtls-3.6.0\library\base64_internal.h">
      <Filter>Source Files</Filter>
    </ClInclude>
    <ClInclude Include="..\deps\mbedtls-3.6.0\library\bignum_core.h">
      <Filter>Source Files</Filter>
    </ClInclude>
    <ClInclude Include="..\deps\mbedtls-3.6.0\library\bignum_mod.h">
      <Filter>Source Files</Filter>
    </ClInclude>
    <ClInclude Include="..\deps\mbedtls-3.6.0\library\bignum_mod_raw.h">
      <Filter>Source Files</Filter>
    </ClInclude>
    <ClInclude Include="..\deps\mbedtls-3.6.0\library\bignum_mod_raw_invasive.h">
      <Filter>Source Files</Filter>
    </ClInclude>
    <ClInclude Include="..\deps\mbedtls-3.6.0\library\block_cipher_internal.h">
      <Filter>Source Files</Filter>
    </ClInclude>
    <ClInclude Include="..\deps\mbedtls-3.6.0\library\bn_mul.h">
      <Filter>Source Files</Filter>
    </ClInclude>
    <ClInclude Include="..\deps\mbedtls-3.6.0\library\check_crypto_config.h">
      <Filter>Source Files</Filter>
    </ClInclude>
    <ClInclude Include="..\deps\mbedtls-3.6.0\library\cipher_wrap.h">
      <Filter>Source Files</Filter>
    </ClInclude>
    <ClInclude Include="..\deps\mbedtls-3.6.0\library\common.h">
      <Filter>Source Files</Filter>
    </ClInclude>
    <ClInclude Include="..\deps\mbedtls-3.6.0\library\constant_time_impl.h">
      <Filter>Source Files</Filter>
    </ClInclude>
    <ClInclude Include="..\deps\mbedtls-3.6.0\library\constant_time_internal.h">
      <Filter>Source Files</Filter>
    </ClInclude>
    <ClInclude Include="..\deps\mbedtls-3.6.0\library\ctr.h">
      <Filter>Source Files</Filter>
    </ClInclude>
    <ClInclude Include="..\deps\mbedtls-3.6.0\library\debug_internal.h">
      <Filter>Source Files</Filter>
    </ClInclude>
    <ClInclude Include="..\deps\mbedtls-3.6.0\library\ecp_internal_alt.h">
      <Filter>Source Files</Filter>
    </ClInclude>
    <ClInclude Include="..\deps\mbedtls-3.6.0\library\ecp_invasive.h">
      <Filter>Source Files</Filter>
    </ClInclude>
    <ClInclude Include="..\deps\mbedtls-3.6.0\library\entropy_poll.h">
      <Filter>Source Files</Filter>
    </ClInclude>
    <ClInclude Include="..\deps\mbedtls-3.6.0\library\lmots.h">
      <Filter>Source Files</Filter>
    </ClInclude>
    <ClInclude Include="..\deps\mbedtls-3.6.0\library\md_psa.h">
      <Filter>Source Files</Filter>
    </ClInclude>
    <ClInclude Include="..\deps\mbedtls-3.6.0\library\md_wrap.h">
      <Filter>Source Files</Filter>
    </ClInclude>
    <ClInclude Include="..\deps\mbedtls-3.6.0\library\mps_common.h">
      <Filter>Source Files</Filter>
    </ClInclude>
    <ClInclude Include="..\deps\mbedtls-3.6.0\library\mps_error.h">
      <Filter>Source Files</Filter>
    </ClInclude>
    <ClInclude Include="..\deps\mbedtls-3.6.0\library\mps_reader.h">
      <Filter>Source Files</Filter>
    </ClInclude>
    <ClInclude Include="..\deps\mbedtls-3.6.0\library\mps_trace.h">
      <Filter>Source Files</Filter>
    </ClInclude>
    <ClInclude Include="..\deps\mbedtls-3.6.0\library\padlock.h">
      <Filter>Source Files</Filter>
    </ClInclude>
    <ClInclude Include="..\deps\mbedtls-3.6.0\library\pk_internal.h">
      <Filter>Source Files</Filter>
    </ClInclude>
    <ClInclude Include="..\deps\mbedtls-3.6.0\library\pk_wrap.h">
      <Filter>Source Files</Filter>
    </ClInclude>
    <ClInclude Include="..\deps\mbedtls-3.6.0\library\pkwrite.h">
      <Filter>Source Files</Filter>
    </ClInclude>
    <ClInclude Include="..\deps\mbedtls-3.6.0\library\rsa_alt_helpers.h">
      <Filter>Source Files</Filter>
    </ClInclude>
    <ClInclude Include="..\deps\mbedtls-3.6.0\library\rsa_internal.h">
      <Filter>Source Files</Filter>
    </ClInclude>
    <ClInclude Include="..\deps\mbedtls-3.6.0\library\ssl_ciphersuites_internal.h">
      <Filter>Source Files</Filter>
    </ClInclude>
    <ClInclude Include="..\deps\mbedtls-3.6.0\library\ssl_client.h">
      <Filter>Source Files</Filter>
    </ClInclude>
    <ClInclude Include="..\deps\mbedtls-3.6.0\library\ssl_debug_helpers.h">
      <Filter>Source Files</Filter>
    </ClInclude>
    <ClInclude Include="..\deps\mbedtls-3.6.0\library\ssl_misc.h">
      <Filter>Source Files</Filter>
    </ClInclude>
    <ClInclude Include="..\deps\mbedtls-3.6.0\library\ssl_tls13_invasive.h">
      <Filter>Source Files</Filter>
    </ClInclude>
    <ClInclude Include="..\deps\mbedtls-3.6.0\library\ssl_tls13_keys.h">
      <Filter>Source Files</Filter>
    </ClInclude>
    <ClInclude Include="..\deps\mbedtls-3.6.0\library\x509_internal.h">
      <Filter>Source Files</Filter>
    </ClInclude>
    <ClInclude Include="..\deps\mbedtls-3.6.0\library\psa_crypto_aead.h">
      <Filter>Source Files</Filter>
    </ClInclude>
    <ClInclude Include="..\deps\mbedtls-3.6.0\library\psa_crypto_cipher.h">
      <Filter>Source Files</Filter>
    </ClInclude>
    <ClInclude Include="..\deps\mbedtls-3.6.0\library\psa_crypto_core.h">
      <Filter>Source Files</Filter>
    </ClInclude>
    <ClInclude Include="..\deps\mbedtls-3.6.0\library\psa_crypto_core_common.h">
      <Filter>Source Files</Filter>
    </ClInclude>
    <ClInclude Include="..\deps\mbedtls-3.6.0\library\psa_crypto_driver_wrappers.h">
      <Filter>Source Files</Filter>
    </ClInclude>
    <ClInclude Include="..\deps\mbedtls-3.6.0\library\psa_crypto_driver_wrappers_no_static.h">
      <Filter>Source Files</Filter>
    </ClInclude>
    <ClInclude Include="..\deps\mbedtls-3.6.0\library\psa_crypto_ecp.h">
      <Filter>Source Files</Filter>
    </ClInclude>
    <ClInclude Include="..\deps\mbedtls-3.6.0\library\psa_crypto_ffdh.h">
      <Filter>Source Files</Filter>
    </ClInclude>
    <ClInclude Include="..\deps\mbedtls-3.6.0\library\psa_crypto_hash.h">
      <Filter>Source Files</Filter>
    </ClInclude>
    <ClInclude Include="..\deps\mbedtls-3.6.0\library\psa_crypto_invasive.h">
      <Filter>Source Files</Filter>
    </ClInclude>
    <ClInclude Include="..\deps\mbedtls-3.6.0\library\psa_crypto_its.h">
      <Filter>Source Files</Filter>
    </ClInclude>
    <ClInclude Include="..\deps\mbedtls-3.6.0\library\psa_crypto_mac.h">
      <Filter>Source Files</Filter>
    </ClInclude>
    <ClInclude Include="..\deps\mbedtls-3.6.0\library\psa_crypto_pake.h">
      <Filter>Source Files</Filter>
    </ClInclude>
    <ClInclude Include="..\deps\mbedtls-3.6.0\library\psa_crypto_random_impl.h">
      <Filter>Source Files</Filter>
    </ClInclude>
    <ClInclude Include="..\deps\mbedtls-3.6.0\library\psa_crypto_rsa.h">
      <Filter>Source Files</Filter>
    </ClInclude>
    <ClInclude Include="..\deps\mbedtls-3.6.0\library\psa_crypto_se.h">
      <Filter>Source Files</Filter>
    </ClInclude>
    <ClInclude Include="..\deps\mbedtls-3.6.0\library\psa_crypto_slot_management.h">
      <Filter>Source Files</Filter>
    </ClInclude>
    <ClInclude Include="..\deps\mbedtls-3.6.0\library\psa_crypto_storage.h">
      <Filter>Source Files</Filter>
    </ClInclude>
    <ClInclude Include="..\deps\mbedtls-3.6.0\library\psa_util_internal.h">
      <Filter>Source Files</Filter>
    </ClInclude>
  </ItemGroup>
  <ItemGroup>
    <ClCompile Include="..\deps\mbedtls-3.6.0\library\aes.c">
      <Filter>Source Files</Filter>
    </ClCompile>
    <ClCompile Include="..\deps\mbedtls-3.6.0\library\aesce.c">
      <Filter>Source Files</Filter>
    </ClCompile>
    <ClCompile Include="..\deps\mbedtls-3.6.0\library\aesni.c">
      <Filter>Source Files</Filter>
    </ClCompile>
    <ClCompile Include="..\deps\mbedtls-3.6.0\library\aria.c">
      <Filter>Source Files</Filter>
    </ClCompile>
    <ClCompile Include="..\deps\mbedtls-3.6.0\library\asn1parse.c">
      <Filter>Source Files</Filter>
    </ClCompile>
    <ClCompile Include="..\deps\mbedtls-3.6.0\library\asn1write.c">
      <Filter>Source Files</Filter>
    </ClCompile>
    <ClCompile Include="..\deps\mbedtls-3.6.0\library\base64.c">
      <Filter>Source Files</Filter>
    </ClCompile>
    <ClCompile Include="..\deps\mbedtls-3.6.0\library\bignum.c">
      <Filter>Source Files</Filter>
    </ClCompile>
    <ClCompile Include="..\deps\mbedtls-3.6.0\library\bignum_core.c">
      <Filter>Source Files</Filter>
    </ClCompile>
    <ClCompile Include="..\deps\mbedtls-3.6.0\library\bignum_mod.c">
      <Filter>Source Files</Filter>
    </ClCompile>
    <ClCompile Include="..\deps\mbedtls-3.6.0\library\bignum_mod_raw.c">
      <Filter>Source Files</Filter>
    </ClCompile>
    <ClCompile Include="..\deps\mbedtls-3.6.0\library\block_cipher.c">
      <Filter>Source Files</Filter>
    </ClCompile>
    <ClCompile Include="..\deps\mbedtls-3.6.0\library\camellia.c">
      <Filter>Source Files</Filter>
    </ClCompile>
    <ClCompile Include="..\deps\mbedtls-3.6.0\library\ccm.c">
      <Filter>Source Files</Filter>
    </ClCompile>
    <ClCompile Include="..\deps\mbedtls-3.6.0\library\chacha20.c">
      <Filter>Source Files</Filter>
    </ClCompile>
    <ClCompile Include="..\deps\mbedtls-3.6.0\library\chachapoly.c">
      <Filter>Source Files</Filter>
    </ClCompile>
    <ClCompile Include="..\deps\mbedtls-3.6.0\library\cipher.c">
      <Filter>Source Files</Filter>
    </ClCompile>
    <ClCompile Include="..\deps\mbedtls-3.6.0\library\cipher_wrap.c">
      <Filter>Source Files</Filter>
    </ClCompile>
    <ClCompile Include="..\deps\mbedtls-3.6.0\library\cmac.c">
      <Filter>Source Files</Filter>
    </ClCompile>
    <ClCompile Include="..\deps\mbedtls-3.6.0\library\constant_time.c">
      <Filter>Source Files</Filter>
    </ClCompile>
    <ClCompile Include="..\deps\mbedtls-3.6.0\library\ctr_drbg.c">
      <Filter>Source Files</Filter>
    </ClCompile>
    <ClCompile Include="..\deps\mbedtls-3.6.0\library\debug.c">
      <Filter>Source Files</Filter>
    </ClCompile>
    <ClCompile Include="..\deps\mbedtls-3.6.0\library\des.c">
      <Filter>Source Files</Filter>
    </ClCompile>
    <ClCompile Include="..\deps\mbedtls-3.6.0\library\dhm.c">
      <Filter>Source Files</Filter>
    </ClCompile>
    <ClCompile Include="..\deps\mbedtls-3.6.0\library\ecdh.c">
      <Filter>Source Files</Filter>
    </ClCompile>
    <ClCompile Include="..\deps\mbedtls-3.6.0\library\ecdsa.c">
      <Filter>Source Files</Filter>
    </ClCompile>
    <ClCompile Include="..\deps\mbedtls-3.6.0\library\ecjpake.c">
      <Filter>Source Files</Filter>
    </ClCompile>
    <ClCompile Include="..\deps\mbedtls-3.6.0\library\ecp.c">
      <Filter>Source Files</Filter>
    </ClCompile>
    <ClCompile Include="..\deps\mbedtls-3.6.0\library\ecp_curves.c">
      <Filter>Source Files</Filter>
    </ClCompile>
    <ClCompile Include="..\deps\mbedtls-3.6.0\library\ecp_curves_new.c">
      <Filter>Source Files</Filter>
    </ClCompile>
    <ClCompile Include="..\deps\mbedtls-3.6.0\library\entropy.c">
      <Filter>Source Files</Filter>
    </ClCompile>
    <ClCompile Include="..\deps\mbedtls-3.6.0\library\entropy_poll.c">
      <Filter>Source Files</Filter>
    </ClCompile>
    <ClCompile Include="..\deps\mbedtls-3.6.0\library\error.c">
      <Filter>Source Files</Filter>
    </ClCompile>
    <ClCompile Include="..\deps\mbedtls-3.6.0\library\gcm.c">
      <Filter>Source Files</Filter>
    </ClCompile>
    <ClCompile Include="..\deps\mbedtls-3.6.0\library\hkdf.c">
      <Filter>Source Files</Filter>
    </ClCompile>
    <ClCompile Include="..\deps\mbedtls-3.6.0\library\hmac_drbg.c">
      <Filter>Source Files</Filter>
    </ClCompile>
    <ClCompile Include="..\deps\mbedtls-3.6.0\library\lmots.c">
      <Filter>Source Files</Filter>
    </ClCompile>
    <ClCompile Include="..\deps\mbedtls-3.6.0\library\lms.c">
      <Filter>Source Files</Filter>
    </ClCompile>
    <ClCompile Include="..\deps\mbedtls-3.6.0\library\md.c">
      <Filter>Source Files</Filter>
    </ClCompile>
    <ClCompile Include="..\deps\mbedtls-3.6.0\library\md5.c">
      <Filter>Source Files</Filter>
    </ClCompile>
    <ClCompile Include="..\deps\mbedtls-3.6.0\library\memory_buffer_alloc.c">
      <Filter>Source Files</Filter>
    </ClCompile>
    <ClCompile Include="..\deps\mbedtls-3.6.0\library\mps_reader.c">
      <Filter>Source Files</Filter>
    </ClCompile>
    <ClCompile Include="..\deps\mbedtls-3.6.0\library\mps_trace.c">
      <Filter>Source Files</Filter>
    </ClCompile>
    <ClCompile Include="..\deps\mbedtls-3.6.0\library\net_sockets.c">
      <Filter>Source Files</Filter>
    </ClCompile>
    <ClCompile Include="..\deps\mbedtls-3.6.0\library\nist_kw.c">
      <Filter>Source Files</Filter>
    </ClCompile>
    <ClCompile Include="..\deps\mbedtls-3.6.0\library\oid.c">
      <Filter>Source Files</Filter>
    </ClCompile>
    <ClCompile Include="..\deps\mbedtls-3.6.0\library\pem.c">
      <Filter>Source Files</Filter>
    </ClCompile>
    <ClCompile Include="..\deps\mbedtls-3.6.0\library\pk.c">
      <Filter>Source Files</Filter>
    </ClCompile>
    <ClCompile Include="..\deps\mbedtls-3.6.0\library\pk_ecc.c">
      <Filter>Source Files</Filter>
    </ClCompile>
    <ClCompile Include="..\deps\mbedtls-3.6.0\library\pk_wrap.c">
      <Filter>Source Files</Filter>
    </ClCompile>
    <ClCompile Include="..\deps\mbedtls-3.6.0\library\pkcs5.c">
      <Filter>Source Files</Filter>
    </ClCompile>
    <ClCompile Include="..\deps\mbedtls-3.6.0\library\pkcs7.c">
      <Filter>Source Files</Filter>
    </ClCompile>
    <ClCompile Include="..\deps\mbedtls-3.6.0\library\pkcs12.c">
      <Filter>Source Files</Filter>
    </ClCompile>
    <ClCompile Include="..\deps\mbedtls-3.6.0\library\pkparse.c">
      <Filter>Source Files</Filter>
    </ClCompile>
    <ClCompile Include="..\deps\mbedtls-3.6.0\library\pkwrite.c">
      <Filter>Source Files</Filter>
    </ClCompile>
    <ClCompile Include="..\deps\mbedtls-3.6.0\library\platform.c">
      <Filter>Source Files</Filter>
    </ClCompile>
    <ClCompile Include="..\deps\mbedtls-3.6.0\library\platform_util.c">
      <Filter>Source Files</Filter>
    </ClCompile>
    <ClCompile Include="..\deps\mbedtls-3.6.0\library\poly1305.c">
      <Filter>Source Files</Filter>
    </ClCompile>
    <ClCompile Include="..\deps\mbedtls-3.6.0\library\ripemd160.c">
      <Filter>Source Files</Filter>
    </ClCompile>
    <ClCompile Include="..\deps\mbedtls-3.6.0\library\rsa.c">
      <Filter>Source Files</Filter>
    </ClCompile>
    <ClCompile Include="..\deps\mbedtls-3.6.0\library\rsa_alt_helpers.c">
      <Filter>Source Files</Filter>
    </ClCompile>
    <ClCompile Include="..\deps\mbedtls-3.6.0\library\sha1.c">
      <Filter>Source Files</Filter>
    </ClCompile>
    <ClCompile Include="..\deps\mbedtls-3.6.0\library\sha3.c">
      <Filter>Source Files</Filter>
    </ClCompile>
    <ClCompile Include="..\deps\mbedtls-3.6.0\library\sha256.c">
      <Filter>Source Files</Filter>
    </ClCompile>
    <ClCompile Include="..\deps\mbedtls-3.6.0\library\sha512.c">
      <Filter>Source Files</Filter>
    </ClCompile>
    <ClCompile Include="..\deps\mbedtls-3.6.0\library\ssl_cache.c">
      <Filter>Source Files</Filter>
    </ClCompile>
    <ClCompile Include="..\deps\mbedtls-3.6.0\library\ssl_ciphersuites.c">
      <Filter>Source Files</Filter>
    </ClCompile>
    <ClCompile Include="..\deps\mbedtls-3.6.0\library\ssl_client.c">
      <Filter>Source Files</Filter>
    </ClCompile>
    <ClCompile Include="..\deps\mbedtls-3.6.0\library\ssl_cookie.c">
      <Filter>Source Files</Filter>
    </ClCompile>
    <ClCompile Include="..\deps\mbedtls-3.6.0\library\ssl_debug_helpers_generated.c">
      <Filter>Source Files</Filter>
    </ClCompile>
    <ClCompile Include="..\deps\mbedtls-3.6.0\library\ssl_msg.c">
      <Filter>Source Files</Filter>
    </ClCompile>
    <ClCompile Include="..\deps\mbedtls-3.6.0\library\ssl_ticket.c">
      <Filter>Source Files</Filter>
    </ClCompile>
    <ClCompile Include="..\deps\mbedtls-3.6.0\library\ssl_tls.c">
      <Filter>Source Files</Filter>
    </ClCompile>
    <ClCompile Include="..\deps\mbedtls-3.6.0\library\ssl_tls12_client.c">
      <Filter>Source Files</Filter>
    </ClCompile>
    <ClCompile Include="..\deps\mbedtls-3.6.0\library\ssl_tls12_server.c">
      <Filter>Source Files</Filter>
    </ClCompile>
    <ClCompile Include="..\deps\mbedtls-3.6.0\library\ssl_tls13_client.c">
      <Filter>Source Files</Filter>
    </ClCompile>
    <ClCompile Include="..\deps\mbedtls-3.6.0\library\ssl_tls13_generic.c">
      <Filter>Source Files</Filter>
    </ClCompile>
    <ClCompile Include="..\deps\mbedtls-3.6.0\library\ssl_tls13_keys.c">
      <Filter>Source Files</Filter>
    </ClCompile>
    <ClCompile Include="..\deps\mbedtls-3.6.0\library\ssl_tls13_server.c">
      <Filter>Source Files</Filter>
    </ClCompile>
    <ClCompile Include="..\deps\mbedtls-3.6.0\library\timing.c">
      <Filter>Source Files</Filter>
    </ClCompile>
    <ClCompile Include="..\deps\mbedtls-3.6.0\library\version.c">
      <Filter>Source Files</Filter>
    </ClCompile>
    <ClCompile Include="..\deps\mbedtls-3.6.0\library\version_features.c">
      <Filter>Source Files</Filter>
    </ClCompile>
    <ClCompile Include="..\deps\mbedtls-3.6.0\library\x509.c">
      <Filter>Source Files</Filter>
    </ClCompile>
    <ClCompile Include="..\deps\mbedtls-3.6.0\library\x509_create.c">
      <Filter>Source Files</Filter>
    </ClCompile>
    <ClCompile Include="..\deps\mbedtls-3.6.0\library\x509_crl.c">
      <Filter>Source Files</Filter>
    </ClCompile>
    <ClCompile Include="..\deps\mbedtls-3.6.0\library\x509_crt.c">
      <Filter>Source Files</Filter>
    </ClCompile>
    <ClCompile Include="..\deps\mbedtls-3.6.0\library\x509_csr.c">
      <Filter>Source Files</Filter>
    </ClCompile>
    <ClCompile Include="..\deps\mbedtls-3.6.0\library\x509write.c">
      <Filter>Source Files</Filter>
    </ClCompile>
    <ClCompile Include="..\deps\mbedtls-3.6.0\library\x509write_crt.c">
      <Filter>Source Files</Filter>
    </ClCompile>
    <ClCompile Include="..\deps\mbedtls-3.6.0\library\x509write_csr.c">
      <Filter>Source Files</Filter>
    </ClCompile>
    <ClCompile Include="..\deps\mbedtls-3.6.0\library\padlock.c">
      <Filter>Source Files</Filter>
    </ClCompile>
    <ClCompile Include="..\deps\mbedtls-3.6.0\library\psa_crypto.c">
      <Filter>Source Files</Filter>
    </ClCompile>
    <ClCompile Include="..\deps\mbedtls-3.6.0\library\psa_crypto_aead.c">
      <Filter>Source Files</Filter>
    </ClCompile>
    <ClCompile Include="..\deps\mbedtls-3.6.0\library\psa_crypto_cipher.c">
      <Filter>Source Files</Filter>
    </ClCompile>
    <ClCompile Include="..\deps\mbedtls-3.6.0\library\psa_crypto_client.c">
      <Filter>Source Files</Filter>
    </ClCompile>
    <ClCompile Include="..\deps\mbedtls-3.6.0\library\psa_crypto_driver_wrappers_no_static.c">
      <Filter>Source Files</Filter>
    </ClCompile>
    <ClCompile Include="..\deps\mbedtls-3.6.0\library\psa_crypto_ecp.c">
      <Filter>Source Files</Filter>
    </ClCompile>
    <ClCompile Include="..\deps\mbedtls-3.6.0\library\psa_crypto_ffdh.c">
      <Filter>Source Files</Filter>
    </ClCompile>
    <ClCompile Include="..\deps\mbedtls-3.6.0\library\psa_crypto_hash.c">
      <Filter>Source Files</Filter>
    </ClCompile>
    <ClCompile Include="..\deps\mbedtls-3.6.0\library\psa_crypto_mac.c">
      <Filter>Source Files</Filter>
    </ClCompile>
    <ClCompile Include="..\deps\mbedtls-3.6.0\library\psa_crypto_pake.c">
      <Filter>Source Files</Filter>
    </ClCompile>
    <ClCompile Include="..\deps\mbedtls-3.6.0\library\psa_crypto_rsa.c">
      <Filter>Source Files</Filter>
    </ClCompile>
    <ClCompile Include="..\deps\mbedtls-3.6.0\library\psa_crypto_se.c">
      <Filter>Source Files</Filter>
    </ClCompile>
    <ClCompile Include="..\deps\mbedtls-3.6.0\library\psa_crypto_slot_management.c">
      <Filter>Source Files</Filter>
    </ClCompile>
    <ClCompile Include="..\deps\mbedtls-3.6.0\library\psa_crypto_storage.c">
      <Filter>Source Files</Filter>
    </ClCompile>
    <ClCompile Include="..\deps\mbedtls-3.6.0\library\psa_its_file.c">
      <Filter>Source Files</Filter>
    </ClCompile>
    <ClCompile Include="..\deps\mbedtls-3.6.0\library\psa_util.c">
      <Filter>Source Files</Filter>
    </ClCompile>
    <ClCompile Include="..\deps\mbedtls-3.6.0\library\threading.c">
      <Filter>Source Files</Filter>
    </ClCompile>
  </ItemGroup>
  <ItemGroup>
    <Text Include="..\deps\mbedtls-3.6.0\library\CMakeLists.txt">
      <Filter>Source Files</Filter>
    </Text>
  </ItemGroup>
  <ItemGroup>
    <None Include="..\deps\mbedtls-3.6.0\library\Makefile">
      <Filter>Source Files</Filter>
    </None>
  </ItemGroup>
</Project>